// !$*UTF8*$!
{
	archiveVersion = 1;
	classes = {
	};
	objectVersion = 46;
	objects = {

/* Begin PBXBuildFile section */
		656107A75F8DB954797FD8CD /* libPods.a in Frameworks */ = {isa = PBXBuildFile; fileRef = DA76AF83324A37545E9C5145 /* libPods.a */; };
		D04F991D19E1C61B0033855E /* AppDelegate.swift in Sources */ = {isa = PBXBuildFile; fileRef = D04F991C19E1C61B0033855E /* AppDelegate.swift */; };
		D04F991F19E1C61B0033855E /* TweetsViewController.swift in Sources */ = {isa = PBXBuildFile; fileRef = D04F991E19E1C61B0033855E /* TweetsViewController.swift */; };
		D04F992219E1C61B0033855E /* Main.storyboard in Resources */ = {isa = PBXBuildFile; fileRef = D04F992019E1C61B0033855E /* Main.storyboard */; };
		D04F992419E1C61B0033855E /* Images.xcassets in Resources */ = {isa = PBXBuildFile; fileRef = D04F992319E1C61B0033855E /* Images.xcassets */; };
		D04F992719E1C61B0033855E /* LaunchScreen.xib in Resources */ = {isa = PBXBuildFile; fileRef = D04F992519E1C61B0033855E /* LaunchScreen.xib */; };
		D04F993319E1C61B0033855E /* TwitterClientTests.swift in Sources */ = {isa = PBXBuildFile; fileRef = D04F993219E1C61B0033855E /* TwitterClientTests.swift */; };
		D04F993D19E1C6FA0033855E /* TweetCell.swift in Sources */ = {isa = PBXBuildFile; fileRef = D04F993C19E1C6FA0033855E /* TweetCell.swift */; };
		D06256B519EC39E800744AE6 /* TweetDetailViewController.swift in Sources */ = {isa = PBXBuildFile; fileRef = D06256B419EC39E800744AE6 /* TweetDetailViewController.swift */; };
		D0A7462E19E2044F00D5BCCC /* TwitterClient.swift in Sources */ = {isa = PBXBuildFile; fileRef = D0A7462D19E2044F00D5BCCC /* TwitterClient.swift */; };
		D0A7463019E209F200D5BCCC /* LoginViewController.swift in Sources */ = {isa = PBXBuildFile; fileRef = D0A7462F19E209F200D5BCCC /* LoginViewController.swift */; };
		D0F9E94E19E3610600291685 /* User.swift in Sources */ = {isa = PBXBuildFile; fileRef = D0F9E94D19E3610600291685 /* User.swift */; };
		D0F9E95019E3611400291685 /* Tweet.swift in Sources */ = {isa = PBXBuildFile; fileRef = D0F9E94F19E3611400291685 /* Tweet.swift */; };
		D0FEDE9819EC60BA009D582E /* NewTweetViewController.swift in Sources */ = {isa = PBXBuildFile; fileRef = D0FEDE9719EC60BA009D582E /* NewTweetViewController.swift */; };
/* End PBXBuildFile section */

/* Begin PBXContainerItemProxy section */
		D04F992D19E1C61B0033855E /* PBXContainerItemProxy */ = {
			isa = PBXContainerItemProxy;
			containerPortal = D04F990F19E1C61B0033855E /* Project object */;
			proxyType = 1;
			remoteGlobalIDString = D04F991619E1C61B0033855E;
			remoteInfo = TwitterClient;
		};
/* End PBXContainerItemProxy section */

/* Begin PBXFileReference section */
		7CC24E0DC9A16A102240D59B /* Pods.release.xcconfig */ = {isa = PBXFileReference; includeInIndex = 1; lastKnownFileType = text.xcconfig; name = Pods.release.xcconfig; path = "Pods/Target Support Files/Pods/Pods.release.xcconfig"; sourceTree = "<group>"; };
		B43B7106D65366DB9584F958 /* Pods.debug.xcconfig */ = {isa = PBXFileReference; includeInIndex = 1; lastKnownFileType = text.xcconfig; name = Pods.debug.xcconfig; path = "Pods/Target Support Files/Pods/Pods.debug.xcconfig"; sourceTree = "<group>"; };
		D04F991719E1C61B0033855E /* TwitterClient.app */ = {isa = PBXFileReference; explicitFileType = wrapper.application; includeInIndex = 0; path = TwitterClient.app; sourceTree = BUILT_PRODUCTS_DIR; };
		D04F991B19E1C61B0033855E /* Info.plist */ = {isa = PBXFileReference; lastKnownFileType = text.plist.xml; path = Info.plist; sourceTree = "<group>"; };
		D04F991C19E1C61B0033855E /* AppDelegate.swift */ = {isa = PBXFileReference; lastKnownFileType = sourcecode.swift; path = AppDelegate.swift; sourceTree = "<group>"; };
		D04F991E19E1C61B0033855E /* TweetsViewController.swift */ = {isa = PBXFileReference; lastKnownFileType = sourcecode.swift; path = TweetsViewController.swift; sourceTree = "<group>"; };
		D04F992119E1C61B0033855E /* Base */ = {isa = PBXFileReference; lastKnownFileType = file.storyboard; name = Base; path = Base.lproj/Main.storyboard; sourceTree = "<group>"; };
		D04F992319E1C61B0033855E /* Images.xcassets */ = {isa = PBXFileReference; lastKnownFileType = folder.assetcatalog; path = Images.xcassets; sourceTree = "<group>"; };
		D04F992619E1C61B0033855E /* Base */ = {isa = PBXFileReference; lastKnownFileType = file.xib; name = Base; path = Base.lproj/LaunchScreen.xib; sourceTree = "<group>"; };
		D04F992C19E1C61B0033855E /* TwitterClientTests.xctest */ = {isa = PBXFileReference; explicitFileType = wrapper.cfbundle; includeInIndex = 0; path = TwitterClientTests.xctest; sourceTree = BUILT_PRODUCTS_DIR; };
		D04F993119E1C61B0033855E /* Info.plist */ = {isa = PBXFileReference; lastKnownFileType = text.plist.xml; path = Info.plist; sourceTree = "<group>"; };
		D04F993219E1C61B0033855E /* TwitterClientTests.swift */ = {isa = PBXFileReference; lastKnownFileType = sourcecode.swift; path = TwitterClientTests.swift; sourceTree = "<group>"; };
		D04F993C19E1C6FA0033855E /* TweetCell.swift */ = {isa = PBXFileReference; fileEncoding = 4; lastKnownFileType = sourcecode.swift; path = TweetCell.swift; sourceTree = "<group>"; };
		D04F993E19E1D1360033855E /* TwitterClient-Bridging-Header.h */ = {isa = PBXFileReference; lastKnownFileType = sourcecode.c.h; path = "TwitterClient-Bridging-Header.h"; sourceTree = "<group>"; };
		D06256B419EC39E800744AE6 /* TweetDetailViewController.swift */ = {isa = PBXFileReference; fileEncoding = 4; lastKnownFileType = sourcecode.swift; path = TweetDetailViewController.swift; sourceTree = "<group>"; };
		D0A7462D19E2044F00D5BCCC /* TwitterClient.swift */ = {isa = PBXFileReference; fileEncoding = 4; lastKnownFileType = sourcecode.swift; path = TwitterClient.swift; sourceTree = "<group>"; };
		D0A7462F19E209F200D5BCCC /* LoginViewController.swift */ = {isa = PBXFileReference; fileEncoding = 4; lastKnownFileType = sourcecode.swift; path = LoginViewController.swift; sourceTree = "<group>"; };
		D0F9E94D19E3610600291685 /* User.swift */ = {isa = PBXFileReference; fileEncoding = 4; lastKnownFileType = sourcecode.swift; path = User.swift; sourceTree = "<group>"; };
		D0F9E94F19E3611400291685 /* Tweet.swift */ = {isa = PBXFileReference; fileEncoding = 4; lastKnownFileType = sourcecode.swift; path = Tweet.swift; sourceTree = "<group>"; };
		D0FEDE9719EC60BA009D582E /* NewTweetViewController.swift */ = {isa = PBXFileReference; fileEncoding = 4; lastKnownFileType = sourcecode.swift; path = NewTweetViewController.swift; sourceTree = "<group>"; };
		DA76AF83324A37545E9C5145 /* libPods.a */ = {isa = PBXFileReference; explicitFileType = archive.ar; includeInIndex = 0; path = libPods.a; sourceTree = BUILT_PRODUCTS_DIR; };
/* End PBXFileReference section */

/* Begin PBXFrameworksBuildPhase section */
		D04F991419E1C61B0033855E /* Frameworks */ = {
			isa = PBXFrameworksBuildPhase;
			buildActionMask = 2147483647;
			files = (
				656107A75F8DB954797FD8CD /* libPods.a in Frameworks */,
			);
			runOnlyForDeploymentPostprocessing = 0;
		};
		D04F992919E1C61B0033855E /* Frameworks */ = {
			isa = PBXFrameworksBuildPhase;
			buildActionMask = 2147483647;
			files = (
			);
			runOnlyForDeploymentPostprocessing = 0;
		};
/* End PBXFrameworksBuildPhase section */

/* Begin PBXGroup section */
		900D1E473C2B11BB1A7E6933 /* Frameworks */ = {
			isa = PBXGroup;
			children = (
				DA76AF83324A37545E9C5145 /* libPods.a */,
			);
			name = Frameworks;
			sourceTree = "<group>";
		};
		D04F990E19E1C61B0033855E = {
			isa = PBXGroup;
			children = (
				D04F991919E1C61B0033855E /* TwitterClient */,
				D04F992F19E1C61B0033855E /* TwitterClientTests */,
				D04F991819E1C61B0033855E /* Products */,
				F659CD23F314F504BD1A028D /* Pods */,
				900D1E473C2B11BB1A7E6933 /* Frameworks */,
			);
			sourceTree = "<group>";
		};
		D04F991819E1C61B0033855E /* Products */ = {
			isa = PBXGroup;
			children = (
				D04F991719E1C61B0033855E /* TwitterClient.app */,
				D04F992C19E1C61B0033855E /* TwitterClientTests.xctest */,
			);
			name = Products;
			sourceTree = "<group>";
		};
		D04F991919E1C61B0033855E /* TwitterClient */ = {
			isa = PBXGroup;
			children = (
				D06256B319EC39C200744AE6 /* Views */,
				D0F9E94C19E360EB00291685 /* Models */,
				D0A7462C19E203DA00D5BCCC /* API */,
				D04F991C19E1C61B0033855E /* AppDelegate.swift */,
				D04F993C19E1C6FA0033855E /* TweetCell.swift */,
				D04F992019E1C61B0033855E /* Main.storyboard */,
				D04F992319E1C61B0033855E /* Images.xcassets */,
				D04F992519E1C61B0033855E /* LaunchScreen.xib */,
				D04F991A19E1C61B0033855E /* Supporting Files */,
				D04F993E19E1D1360033855E /* TwitterClient-Bridging-Header.h */,
			);
			path = TwitterClient;
			sourceTree = "<group>";
		};
		D04F991A19E1C61B0033855E /* Supporting Files */ = {
			isa = PBXGroup;
			children = (
				D04F991B19E1C61B0033855E /* Info.plist */,
			);
			name = "Supporting Files";
			sourceTree = "<group>";
		};
		D04F992F19E1C61B0033855E /* TwitterClientTests */ = {
			isa = PBXGroup;
			children = (
				D04F993219E1C61B0033855E /* TwitterClientTests.swift */,
				D04F993019E1C61B0033855E /* Supporting Files */,
			);
			path = TwitterClientTests;
			sourceTree = "<group>";
		};
		D04F993019E1C61B0033855E /* Supporting Files */ = {
			isa = PBXGroup;
			children = (
				D04F993119E1C61B0033855E /* Info.plist */,
			);
			name = "Supporting Files";
			sourceTree = "<group>";
		};
		D06256B319EC39C200744AE6 /* Views */ = {
			isa = PBXGroup;
			children = (
				D04F991E19E1C61B0033855E /* TweetsViewController.swift */,
				D0A7462F19E209F200D5BCCC /* LoginViewController.swift */,
				D06256B419EC39E800744AE6 /* TweetDetailViewController.swift */,
				D0FEDE9719EC60BA009D582E /* NewTweetViewController.swift */,
			);
			name = Views;
			sourceTree = "<group>";
		};
		D0A7462C19E203DA00D5BCCC /* API */ = {
			isa = PBXGroup;
			children = (
				D0A7462D19E2044F00D5BCCC /* TwitterClient.swift */,
			);
			name = API;
			sourceTree = "<group>";
		};
		D0F9E94C19E360EB00291685 /* Models */ = {
			isa = PBXGroup;
			children = (
				D0F9E94D19E3610600291685 /* User.swift */,
				D0F9E94F19E3611400291685 /* Tweet.swift */,
			);
			name = Models;
			sourceTree = "<group>";
		};
		F659CD23F314F504BD1A028D /* Pods */ = {
			isa = PBXGroup;
			children = (
				B43B7106D65366DB9584F958 /* Pods.debug.xcconfig */,
				7CC24E0DC9A16A102240D59B /* Pods.release.xcconfig */,
			);
			name = Pods;
			sourceTree = "<group>";
		};
/* End PBXGroup section */

/* Begin PBXNativeTarget section */
		D04F991619E1C61B0033855E /* TwitterClient */ = {
			isa = PBXNativeTarget;
			buildConfigurationList = D04F993619E1C61B0033855E /* Build configuration list for PBXNativeTarget "TwitterClient" */;
			buildPhases = (
				951522F9685F62E7CA6C38FD /* Check Pods Manifest.lock */,
				D04F991319E1C61B0033855E /* Sources */,
				D04F991419E1C61B0033855E /* Frameworks */,
				D04F991519E1C61B0033855E /* Resources */,
				69288A534789A1B0790962FA /* Copy Pods Resources */,
			);
			buildRules = (
			);
			dependencies = (
			);
			name = TwitterClient;
			productName = TwitterClient;
			productReference = D04F991719E1C61B0033855E /* TwitterClient.app */;
			productType = "com.apple.product-type.application";
		};
		D04F992B19E1C61B0033855E /* TwitterClientTests */ = {
			isa = PBXNativeTarget;
			buildConfigurationList = D04F993919E1C61B0033855E /* Build configuration list for PBXNativeTarget "TwitterClientTests" */;
			buildPhases = (
				D04F992819E1C61B0033855E /* Sources */,
				D04F992919E1C61B0033855E /* Frameworks */,
				D04F992A19E1C61B0033855E /* Resources */,
			);
			buildRules = (
			);
			dependencies = (
				D04F992E19E1C61B0033855E /* PBXTargetDependency */,
			);
			name = TwitterClientTests;
			productName = TwitterClientTests;
			productReference = D04F992C19E1C61B0033855E /* TwitterClientTests.xctest */;
			productType = "com.apple.product-type.bundle.unit-test";
		};
/* End PBXNativeTarget section */

/* Begin PBXProject section */
		D04F990F19E1C61B0033855E /* Project object */ = {
			isa = PBXProject;
			attributes = {
				LastUpgradeCheck = 0600;
				ORGANIZATIONNAME = "Blue Lotus Labs";
				TargetAttributes = {
					D04F991619E1C61B0033855E = {
						CreatedOnToolsVersion = 6.0.1;
					};
					D04F992B19E1C61B0033855E = {
						CreatedOnToolsVersion = 6.0.1;
						TestTargetID = D04F991619E1C61B0033855E;
					};
				};
			};
			buildConfigurationList = D04F991219E1C61B0033855E /* Build configuration list for PBXProject "TwitterClient" */;
			compatibilityVersion = "Xcode 3.2";
			developmentRegion = English;
			hasScannedForEncodings = 0;
			knownRegions = (
				en,
				Base,
			);
			mainGroup = D04F990E19E1C61B0033855E;
			productRefGroup = D04F991819E1C61B0033855E /* Products */;
			projectDirPath = "";
			projectRoot = "";
			targets = (
				D04F991619E1C61B0033855E /* TwitterClient */,
				D04F992B19E1C61B0033855E /* TwitterClientTests */,
			);
		};
/* End PBXProject section */

/* Begin PBXResourcesBuildPhase section */
		D04F991519E1C61B0033855E /* Resources */ = {
			isa = PBXResourcesBuildPhase;
			buildActionMask = 2147483647;
			files = (
				D04F992219E1C61B0033855E /* Main.storyboard in Resources */,
				D04F992719E1C61B0033855E /* LaunchScreen.xib in Resources */,
				D04F992419E1C61B0033855E /* Images.xcassets in Resources */,
			);
			runOnlyForDeploymentPostprocessing = 0;
		};
		D04F992A19E1C61B0033855E /* Resources */ = {
			isa = PBXResourcesBuildPhase;
			buildActionMask = 2147483647;
			files = (
			);
			runOnlyForDeploymentPostprocessing = 0;
		};
/* End PBXResourcesBuildPhase section */

/* Begin PBXShellScriptBuildPhase section */
		69288A534789A1B0790962FA /* Copy Pods Resources */ = {
			isa = PBXShellScriptBuildPhase;
			buildActionMask = 2147483647;
			files = (
			);
			inputPaths = (
			);
			name = "Copy Pods Resources";
			outputPaths = (
			);
			runOnlyForDeploymentPostprocessing = 0;
			shellPath = /bin/sh;
			shellScript = "\"${SRCROOT}/Pods/Target Support Files/Pods/Pods-resources.sh\"\n";
			showEnvVarsInLog = 0;
		};
		951522F9685F62E7CA6C38FD /* Check Pods Manifest.lock */ = {
			isa = PBXShellScriptBuildPhase;
			buildActionMask = 2147483647;
			files = (
			);
			inputPaths = (
			);
			name = "Check Pods Manifest.lock";
			outputPaths = (
			);
			runOnlyForDeploymentPostprocessing = 0;
			shellPath = /bin/sh;
			shellScript = "diff \"${PODS_ROOT}/../Podfile.lock\" \"${PODS_ROOT}/Manifest.lock\" > /dev/null\nif [[ $? != 0 ]] ; then\n    cat << EOM\nerror: The sandbox is not in sync with the Podfile.lock. Run 'pod install' or update your CocoaPods installation.\nEOM\n    exit 1\nfi\n";
			showEnvVarsInLog = 0;
		};
/* End PBXShellScriptBuildPhase section */

/* Begin PBXSourcesBuildPhase section */
		D04F991319E1C61B0033855E /* Sources */ = {
			isa = PBXSourcesBuildPhase;
			buildActionMask = 2147483647;
			files = (
				D0A7462E19E2044F00D5BCCC /* TwitterClient.swift in Sources */,
				D04F993D19E1C6FA0033855E /* TweetCell.swift in Sources */,
				D0F9E94E19E3610600291685 /* User.swift in Sources */,
				D0F9E95019E3611400291685 /* Tweet.swift in Sources */,
				D04F991F19E1C61B0033855E /* TweetsViewController.swift in Sources */,
				D06256B519EC39E800744AE6 /* TweetDetailViewController.swift in Sources */,
				D0A7463019E209F200D5BCCC /* LoginViewController.swift in Sources */,
				D0FEDE9819EC60BA009D582E /* NewTweetViewController.swift in Sources */,
				D04F991D19E1C61B0033855E /* AppDelegate.swift in Sources */,
			);
			runOnlyForDeploymentPostprocessing = 0;
		};
		D04F992819E1C61B0033855E /* Sources */ = {
			isa = PBXSourcesBuildPhase;
			buildActionMask = 2147483647;
			files = (
				D04F993319E1C61B0033855E /* TwitterClientTests.swift in Sources */,
			);
			runOnlyForDeploymentPostprocessing = 0;
		};
/* End PBXSourcesBuildPhase section */

/* Begin PBXTargetDependency section */
		D04F992E19E1C61B0033855E /* PBXTargetDependency */ = {
			isa = PBXTargetDependency;
			target = D04F991619E1C61B0033855E /* TwitterClient */;
			targetProxy = D04F992D19E1C61B0033855E /* PBXContainerItemProxy */;
		};
/* End PBXTargetDependency section */

/* Begin PBXVariantGroup section */
		D04F992019E1C61B0033855E /* Main.storyboard */ = {
			isa = PBXVariantGroup;
			children = (
				D04F992119E1C61B0033855E /* Base */,
			);
			name = Main.storyboard;
			sourceTree = "<group>";
		};
		D04F992519E1C61B0033855E /* LaunchScreen.xib */ = {
			isa = PBXVariantGroup;
			children = (
				D04F992619E1C61B0033855E /* Base */,
			);
			name = LaunchScreen.xib;
			sourceTree = "<group>";
		};
/* End PBXVariantGroup section */

/* Begin XCBuildConfiguration section */
		D04F993419E1C61B0033855E /* Debug */ = {
			isa = XCBuildConfiguration;
			buildSettings = {
				ALWAYS_SEARCH_USER_PATHS = NO;
				CLANG_CXX_LANGUAGE_STANDARD = "gnu++0x";
				CLANG_CXX_LIBRARY = "libc++";
				CLANG_ENABLE_MODULES = YES;
				CLANG_ENABLE_OBJC_ARC = YES;
				CLANG_WARN_BOOL_CONVERSION = YES;
				CLANG_WARN_CONSTANT_CONVERSION = YES;
				CLANG_WARN_DIRECT_OBJC_ISA_USAGE = YES_ERROR;
				CLANG_WARN_EMPTY_BODY = YES;
				CLANG_WARN_ENUM_CONVERSION = YES;
				CLANG_WARN_INT_CONVERSION = YES;
				CLANG_WARN_OBJC_ROOT_CLASS = YES_ERROR;
				CLANG_WARN_UNREACHABLE_CODE = YES;
				CLANG_WARN__DUPLICATE_METHOD_MATCH = YES;
				"CODE_SIGN_IDENTITY[sdk=iphoneos*]" = "iPhone Developer";
				COPY_PHASE_STRIP = NO;
				ENABLE_STRICT_OBJC_MSGSEND = YES;
				GCC_C_LANGUAGE_STANDARD = gnu99;
				GCC_DYNAMIC_NO_PIC = NO;
				GCC_OPTIMIZATION_LEVEL = 0;
				GCC_PREPROCESSOR_DEFINITIONS = (
					"DEBUG=1",
					"$(inherited)",
				);
				GCC_SYMBOLS_PRIVATE_EXTERN = NO;
				GCC_WARN_64_TO_32_BIT_CONVERSION = YES;
				GCC_WARN_ABOUT_RETURN_TYPE = YES_ERROR;
				GCC_WARN_UNDECLARED_SELECTOR = YES;
				GCC_WARN_UNINITIALIZED_AUTOS = YES_AGGRESSIVE;
				GCC_WARN_UNUSED_FUNCTION = YES;
				GCC_WARN_UNUSED_VARIABLE = YES;
				IPHONEOS_DEPLOYMENT_TARGET = 8.0;
				MTL_ENABLE_DEBUG_INFO = YES;
				ONLY_ACTIVE_ARCH = YES;
				SDKROOT = iphoneos;
				SWIFT_OPTIMIZATION_LEVEL = "-Onone";
			};
			name = Debug;
		};
		D04F993519E1C61B0033855E /* Release */ = {
			isa = XCBuildConfiguration;
			buildSettings = {
				ALWAYS_SEARCH_USER_PATHS = NO;
				CLANG_CXX_LANGUAGE_STANDARD = "gnu++0x";
				CLANG_CXX_LIBRARY = "libc++";
				CLANG_ENABLE_MODULES = YES;
				CLANG_ENABLE_OBJC_ARC = YES;
				CLANG_WARN_BOOL_CONVERSION = YES;
				CLANG_WARN_CONSTANT_CONVERSION = YES;
				CLANG_WARN_DIRECT_OBJC_ISA_USAGE = YES_ERROR;
				CLANG_WARN_EMPTY_BODY = YES;
				CLANG_WARN_ENUM_CONVERSION = YES;
				CLANG_WARN_INT_CONVERSION = YES;
				CLANG_WARN_OBJC_ROOT_CLASS = YES_ERROR;
				CLANG_WARN_UNREACHABLE_CODE = YES;
				CLANG_WARN__DUPLICATE_METHOD_MATCH = YES;
				"CODE_SIGN_IDENTITY[sdk=iphoneos*]" = "iPhone Developer";
				COPY_PHASE_STRIP = YES;
				ENABLE_NS_ASSERTIONS = NO;
				ENABLE_STRICT_OBJC_MSGSEND = YES;
				GCC_C_LANGUAGE_STANDARD = gnu99;
				GCC_WARN_64_TO_32_BIT_CONVERSION = YES;
				GCC_WARN_ABOUT_RETURN_TYPE = YES_ERROR;
				GCC_WARN_UNDECLARED_SELECTOR = YES;
				GCC_WARN_UNINITIALIZED_AUTOS = YES_AGGRESSIVE;
				GCC_WARN_UNUSED_FUNCTION = YES;
				GCC_WARN_UNUSED_VARIABLE = YES;
				IPHONEOS_DEPLOYMENT_TARGET = 8.0;
				MTL_ENABLE_DEBUG_INFO = NO;
				SDKROOT = iphoneos;
				VALIDATE_PRODUCT = YES;
			};
			name = Release;
		};
		D04F993719E1C61B0033855E /* Debug */ = {
			isa = XCBuildConfiguration;
			baseConfigurationReference = B43B7106D65366DB9584F958 /* Pods.debug.xcconfig */;
			buildSettings = {
				ASSETCATALOG_COMPILER_APPICON_NAME = AppIcon;
				CLANG_ENABLE_MODULES = YES;
				INFOPLIST_FILE = TwitterClient/Info.plist;
				LD_RUNPATH_SEARCH_PATHS = "$(inherited) @executable_path/Frameworks";
				PRODUCT_NAME = "$(TARGET_NAME)";
				SWIFT_OBJC_BRIDGING_HEADER = "TwitterClient/TwitterClient-Bridging-Header.h";
				SWIFT_OPTIMIZATION_LEVEL = "-Onone";
			};
			name = Debug;
		};
		D04F993819E1C61B0033855E /* Release */ = {
			isa = XCBuildConfiguration;
			baseConfigurationReference = 7CC24E0DC9A16A102240D59B /* Pods.release.xcconfig */;
			buildSettings = {
				ASSETCATALOG_COMPILER_APPICON_NAME = AppIcon;
				CLANG_ENABLE_MODULES = YES;
				INFOPLIST_FILE = TwitterClient/Info.plist;
				LD_RUNPATH_SEARCH_PATHS = "$(inherited) @executable_path/Frameworks";
				PRODUCT_NAME = "$(TARGET_NAME)";
				SWIFT_OBJC_BRIDGING_HEADER = "TwitterClient/TwitterClient-Bridging-Header.h";
			};
			name = Release;
		};
		D04F993A19E1C61B0033855E /* Debug */ = {
			isa = XCBuildConfiguration;
			buildSettings = {
				BUNDLE_LOADER = "$(TEST_HOST)";
				FRAMEWORK_SEARCH_PATHS = (
					"$(SDKROOT)/Developer/Library/Frameworks",
					"$(inherited)",
				);
				GCC_PREPROCESSOR_DEFINITIONS = (
					"DEBUG=1",
					"$(inherited)",
				);
				INFOPLIST_FILE = TwitterClientTests/Info.plist;
				LD_RUNPATH_SEARCH_PATHS = "$(inherited) @executable_path/Frameworks @loader_path/Frameworks";
				PRODUCT_NAME = "$(TARGET_NAME)";
				TEST_HOST = "$(BUILT_PRODUCTS_DIR)/TwitterClient.app/TwitterClient";
			};
			name = Debug;
		};
		D04F993B19E1C61B0033855E /* Release */ = {
			isa = XCBuildConfiguration;
			buildSettings = {
				BUNDLE_LOADER = "$(TEST_HOST)";
				FRAMEWORK_SEARCH_PATHS = (
					"$(SDKROOT)/Developer/Library/Frameworks",
					"$(inherited)",
				);
				INFOPLIST_FILE = TwitterClientTests/Info.plist;
				LD_RUNPATH_SEARCH_PATHS = "$(inherited) @executable_path/Frameworks @loader_path/Frameworks";
				PRODUCT_NAME = "$(TARGET_NAME)";
				TEST_HOST = "$(BUILT_PRODUCTS_DIR)/TwitterClient.app/TwitterClient";
			};
			name = Release;
		};
/* End XCBuildConfiguration section */

/* Begin XCConfigurationList section */
		D04F991219E1C61B0033855E /* Build configuration list for PBXProject "TwitterClient" */ = {
			isa = XCConfigurationList;
			buildConfigurations = (
				D04F993419E1C61B0033855E /* Debug */,
				D04F993519E1C61B0033855E /* Release */,
			);
			defaultConfigurationIsVisible = 0;
			defaultConfigurationName = Release;
		};
		D04F993619E1C61B0033855E /* Build configuration list for PBXNativeTarget "TwitterClient" */ = {
			isa = XCConfigurationList;
			buildConfigurations = (
				D04F993719E1C61B0033855E /* Debug */,
				D04F993819E1C61B0033855E /* Release */,
			);
			defaultConfigurationIsVisible = 0;
			defaultConfigurationName = Release;
		};
		D04F993919E1C61B0033855E /* Build configuration list for PBXNativeTarget "TwitterClientTests" */ = {
			isa = XCConfigurationList;
			buildConfigurations = (
				D04F993A19E1C61B0033855E /* Debug */,
				D04F993B19E1C61B0033855E /* Release */,
			);
			defaultConfigurationIsVisible = 0;
			defaultConfigurationName = Release;
		};
/* End XCConfigurationList section */
	};
	rootObject = D04F990F19E1C61B0033855E /* Project object */;
}
